
Microsoft Visual Studio Solution File, Format Version 12.00
# Visual Studio 15
VisualStudioVersion = 15.0.28307.136
MinimumVisualStudioVersion = 10.0.40219.1
Project("{FAE04EC0-301F-11D3-BF4B-00C04F79EFBC}") = "AudioStego", "AudioStego\AudioStego.csproj", "{117C932D-D5D0-45AA-A2E0-1F6CC8E01CE3}"
EndProject
Global
	GlobalSection(SolutionConfigurationPlatforms) = preSolution
		Debug|Any CPU = Debug|Any CPU
		Release|Any CPU = Release|Any CPU
	EndGlobalSection
	GlobalSection(ProjectConfigurationPlatforms) = postSolution
		{117C932D-D5D0-45AA-A2E0-1F6CC8E01CE3}.Debug|Any CPU.ActiveCfg = Debug|Any CPU
		{117C932D-D5D0-45AA-A2E0-1F6CC8E01CE3}.Debug|Any CPU.Build.0 = Debug|Any CPU
		{117C932D-D5D0-45AA-A2E0-1F6CC8E01CE3}.Release|Any CPU.ActiveCfg = Release|Any CPU
		{117C932D-D5D0-45AA-A2E0-1F6CC8E01CE3}.Release|Any CPU.Build.0 = Release|Any CPU
	EndGlobalSection
	GlobalSection(SolutionProperties) = preSolution
		HideSolutionNode = FALSE
	EndGlobalSection
	GlobalSection(ExtensibilityGlobals) = postSolution
		SolutionGuid = {41E98B42-247D-46E3-BCDE-422FF0D99D79}
	EndGlobalSection
EndGlobal
